
Microsoft Visual Studio Solution File, Format Version 12.00
# Visual Studio Version 17
VisualStudioVersion = 17.4.33213.308
MinimumVisualStudioVersion = 10.0.40219.1
Project("{FAE04EC0-301F-11D3-BF4B-00C04F79EFBC}") = "WindowsFormsApp1", "WindowsFormsApp1\WindowsFormsApp1.csproj", "{AF95E404-8A27-4B08-AA45-3901DFA2A8B4}"
EndProject
Global
	GlobalSection(SolutionConfigurationPlatforms) = preSolution
		Debug|Any CPU = Debug|Any CPU
		Release|Any CPU = Release|Any CPU
	EndGlobalSection
	GlobalSection(ProjectConfigurationPlatforms) = postSolution
		{AF95E404-8A27-4B08-AA45-3901DFA2A8B4}.Debug|Any CPU.ActiveCfg = Debug|Any CPU
		{AF95E404-8A27-4B08-AA45-3901DFA2A8B4}.Debug|Any CPU.Build.0 = Debug|Any CPU
		{AF95E404-8A27-4B08-AA45-3901DFA2A8B4}.Release|Any CPU.ActiveCfg = Release|Any CPU
		{AF95E404-8A27-4B08-AA45-3901DFA2A8B4}.Release|Any CPU.Build.0 = Release|Any CPU
	EndGlobalSection
	GlobalSection(SolutionProperties) = preSolution
		HideSolutionNode = FALSE
	EndGlobalSection
	GlobalSection(ExtensibilityGlobals) = postSolution
		SolutionGuid = {50B8499B-7A5F-4B06-8D9E-BD1ABE99CDDC}
	EndGlobalSection
EndGlobal
